// !$*UTF8*$!
{
	archiveVersion = 1;
	classes = {
	};
	objectVersion = 50;
	objects = {

/* Begin PBXBuildFile section */
		56026A6321EA149800D74309 /* DesignableImageView.swift in Sources */ = {isa = PBXBuildFile; fileRef = 56026A4521EA149800D74309 /* DesignableImageView.swift */; };
		56026A6421EA149800D74309 /* KeyboardLayoutConstraint.swift in Sources */ = {isa = PBXBuildFile; fileRef = 56026A4621EA149800D74309 /* KeyboardLayoutConstraint.swift */; };
		56026A6521EA149800D74309 /* TransitionManager.swift in Sources */ = {isa = PBXBuildFile; fileRef = 56026A4721EA149800D74309 /* TransitionManager.swift */; };
		56026A6621EA149800D74309 /* TransitionZoom.swift in Sources */ = {isa = PBXBuildFile; fileRef = 56026A4821EA149800D74309 /* TransitionZoom.swift */; };
		56026A6721EA149800D74309 /* ImageLoader.swift in Sources */ = {isa = PBXBuildFile; fileRef = 56026A4921EA149800D74309 /* ImageLoader.swift */; };
		56026A6821EA149800D74309 /* Spring.swift in Sources */ = {isa = PBXBuildFile; fileRef = 56026A4A21EA149800D74309 /* Spring.swift */; };
		56026A6921EA149800D74309 /* SpringImageView.swift in Sources */ = {isa = PBXBuildFile; fileRef = 56026A4B21EA149800D74309 /* SpringImageView.swift */; };
		56026A6A21EA149800D74309 /* DesignableLabel.swift in Sources */ = {isa = PBXBuildFile; fileRef = 56026A4C21EA149800D74309 /* DesignableLabel.swift */; };
		56026A6B21EA149800D74309 /* SoundPlayer.swift in Sources */ = {isa = PBXBuildFile; fileRef = 56026A4D21EA149800D74309 /* SoundPlayer.swift */; };
		56026A6C21EA149800D74309 /* BlurView.swift in Sources */ = {isa = PBXBuildFile; fileRef = 56026A4E21EA149800D74309 /* BlurView.swift */; };
		56026A6D21EA149800D74309 /* DesignableTextField.swift in Sources */ = {isa = PBXBuildFile; fileRef = 56026A4F21EA149800D74309 /* DesignableTextField.swift */; };
		56026A6E21EA149800D74309 /* SpringButton.swift in Sources */ = {isa = PBXBuildFile; fileRef = 56026A5021EA149800D74309 /* SpringButton.swift */; };
		56026A6F21EA149800D74309 /* SpringTextView.swift in Sources */ = {isa = PBXBuildFile; fileRef = 56026A5121EA149800D74309 /* SpringTextView.swift */; };
		56026A7021EA149800D74309 /* Misc.swift in Sources */ = {isa = PBXBuildFile; fileRef = 56026A5221EA149800D74309 /* Misc.swift */; };
		56026A7121EA149800D74309 /* SpringView.swift in Sources */ = {isa = PBXBuildFile; fileRef = 56026A5321EA149800D74309 /* SpringView.swift */; };
		56026A7221EA149800D74309 /* DesignableButton.swift in Sources */ = {isa = PBXBuildFile; fileRef = 56026A5421EA149800D74309 /* DesignableButton.swift */; };
		56026A7321EA149800D74309 /* SpringTextField.swift in Sources */ = {isa = PBXBuildFile; fileRef = 56026A5521EA149800D74309 /* SpringTextField.swift */; };
		56026A7421EA149800D74309 /* DesignableView.swift in Sources */ = {isa = PBXBuildFile; fileRef = 56026A5621EA149800D74309 /* DesignableView.swift */; };
		56026A7521EA149800D74309 /* DesignableTabBarController.swift in Sources */ = {isa = PBXBuildFile; fileRef = 56026A5721EA149800D74309 /* DesignableTabBarController.swift */; };
		56026A7621EA149800D74309 /* AsyncButton.swift in Sources */ = {isa = PBXBuildFile; fileRef = 56026A5821EA149800D74309 /* AsyncButton.swift */; };
		56026A7721EA149800D74309 /* LoadingView.xib in Resources */ = {isa = PBXBuildFile; fileRef = 56026A5921EA149800D74309 /* LoadingView.xib */; };
		56026A7821EA149800D74309 /* SpringLabel.swift in Sources */ = {isa = PBXBuildFile; fileRef = 56026A5A21EA149800D74309 /* SpringLabel.swift */; };
		56026A7921EA149800D74309 /* DesignableTextView.swift in Sources */ = {isa = PBXBuildFile; fileRef = 56026A5C21EA149800D74309 /* DesignableTextView.swift */; };
		56026A7A21EA149800D74309 /* AutoTextView.swift in Sources */ = {isa = PBXBuildFile; fileRef = 56026A5D21EA149800D74309 /* AutoTextView.swift */; };
		56026A7B21EA149800D74309 /* SpringAnimation.swift in Sources */ = {isa = PBXBuildFile; fileRef = 56026A5E21EA149800D74309 /* SpringAnimation.swift */; };
		56026A7C21EA149800D74309 /* UnwindSegue.swift in Sources */ = {isa = PBXBuildFile; fileRef = 56026A5F21EA149800D74309 /* UnwindSegue.swift */; };
		56026A7D21EA149800D74309 /* LoadingView.swift in Sources */ = {isa = PBXBuildFile; fileRef = 56026A6021EA149800D74309 /* LoadingView.swift */; };
		56026A7F21EA149800D74309 /* AsyncImageView.swift in Sources */ = {isa = PBXBuildFile; fileRef = 56026A6221EA149800D74309 /* AsyncImageView.swift */; };
		5607D6BA21D99DD100AF5BE7 /* AppDelegate.swift in Sources */ = {isa = PBXBuildFile; fileRef = 5607D6B921D99DD100AF5BE7 /* AppDelegate.swift */; };
		5607D6BC21D99DD100AF5BE7 /* NowPlayingController.swift in Sources */ = {isa = PBXBuildFile; fileRef = 5607D6BB21D99DD100AF5BE7 /* NowPlayingController.swift */; };
		5607D6BF21D99DD100AF5BE7 /* Main.storyboard in Resources */ = {isa = PBXBuildFile; fileRef = 5607D6BD21D99DD100AF5BE7 /* Main.storyboard */; };
		5607D6C121D99DD400AF5BE7 /* Assets.xcassets in Resources */ = {isa = PBXBuildFile; fileRef = 5607D6C021D99DD400AF5BE7 /* Assets.xcassets */; };
		5607D6C421D99DD400AF5BE7 /* LaunchScreen.storyboard in Resources */ = {isa = PBXBuildFile; fileRef = 5607D6C221D99DD400AF5BE7 /* LaunchScreen.storyboard */; };
		5607D6CF21DA179800AF5BE7 /* Track.swift in Sources */ = {isa = PBXBuildFile; fileRef = 5607D6CE21DA179800AF5BE7 /* Track.swift */; };
		5607D6D121DA17D400AF5BE7 /* FRadioPlayer.swift in Sources */ = {isa = PBXBuildFile; fileRef = 5607D6D021DA17D400AF5BE7 /* FRadioPlayer.swift */; };
		5607D6D321DA180500AF5BE7 /* Reachability.swift in Sources */ = {isa = PBXBuildFile; fileRef = 5607D6D221DA180500AF5BE7 /* Reachability.swift */; };
		5607D6D521DA185E00AF5BE7 /* FRadioAPI.swift in Sources */ = {isa = PBXBuildFile; fileRef = 5607D6D421DA185E00AF5BE7 /* FRadioAPI.swift */; };
		5607D6D721DA28E200AF5BE7 /* SwiftyJSON.swift in Sources */ = {isa = PBXBuildFile; fileRef = 5607D6D621DA28E200AF5BE7 /* SwiftyJSON.swift */; };
		562E243421DC3BA500F2145A /* bg4.gif in Resources */ = {isa = PBXBuildFile; fileRef = 562E243321DC3BA500F2145A /* bg4.gif */; };
		562E243621DC45FF00F2145A /* LastFM.swift in Sources */ = {isa = PBXBuildFile; fileRef = 562E243521DC45FF00F2145A /* LastFM.swift */; };
		56E712DF21DC22090088E896 /* Station.swift in Sources */ = {isa = PBXBuildFile; fileRef = 56E712DE21DC22090088E896 /* Station.swift */; };
		56E712E321DC287E0088E896 /* UI Extensions.swift in Sources */ = {isa = PBXBuildFile; fileRef = 56E712E221DC287E0088E896 /* UI Extensions.swift */; };
		56E712E521DC35970088E896 /* Swift+Gif.swift in Sources */ = {isa = PBXBuildFile; fileRef = 56E712E421DC35970088E896 /* Swift+Gif.swift */; };
/* End PBXBuildFile section */

/* Begin PBXFileReference section */
		56026A4521EA149800D74309 /* DesignableImageView.swift */ = {isa = PBXFileReference; fileEncoding = 4; lastKnownFileType = sourcecode.swift; path = DesignableImageView.swift; sourceTree = "<group>"; };
		56026A4621EA149800D74309 /* KeyboardLayoutConstraint.swift */ = {isa = PBXFileReference; fileEncoding = 4; lastKnownFileType = sourcecode.swift; path = KeyboardLayoutConstraint.swift; sourceTree = "<group>"; };
		56026A4721EA149800D74309 /* TransitionManager.swift */ = {isa = PBXFileReference; fileEncoding = 4; lastKnownFileType = sourcecode.swift; path = TransitionManager.swift; sourceTree = "<group>"; };
		56026A4821EA149800D74309 /* TransitionZoom.swift */ = {isa = PBXFileReference; fileEncoding = 4; lastKnownFileType = sourcecode.swift; path = TransitionZoom.swift; sourceTree = "<group>"; };
		56026A4921EA149800D74309 /* ImageLoader.swift */ = {isa = PBXFileReference; fileEncoding = 4; lastKnownFileType = sourcecode.swift; path = ImageLoader.swift; sourceTree = "<group>"; };
		56026A4A21EA149800D74309 /* Spring.swift */ = {isa = PBXFileReference; fileEncoding = 4; lastKnownFileType = sourcecode.swift; path = Spring.swift; sourceTree = "<group>"; };
		56026A4B21EA149800D74309 /* SpringImageView.swift */ = {isa = PBXFileReference; fileEncoding = 4; lastKnownFileType = sourcecode.swift; path = SpringImageView.swift; sourceTree = "<group>"; };
		56026A4C21EA149800D74309 /* DesignableLabel.swift */ = {isa = PBXFileReference; fileEncoding = 4; lastKnownFileType = sourcecode.swift; path = DesignableLabel.swift; sourceTree = "<group>"; };
		56026A4D21EA149800D74309 /* SoundPlayer.swift */ = {isa = PBXFileReference; fileEncoding = 4; lastKnownFileType = sourcecode.swift; path = SoundPlayer.swift; sourceTree = "<group>"; };
		56026A4E21EA149800D74309 /* BlurView.swift */ = {isa = PBXFileReference; fileEncoding = 4; lastKnownFileType = sourcecode.swift; path = BlurView.swift; sourceTree = "<group>"; };
		56026A4F21EA149800D74309 /* DesignableTextField.swift */ = {isa = PBXFileReference; fileEncoding = 4; lastKnownFileType = sourcecode.swift; path = DesignableTextField.swift; sourceTree = "<group>"; };
		56026A5021EA149800D74309 /* SpringButton.swift */ = {isa = PBXFileReference; fileEncoding = 4; lastKnownFileType = sourcecode.swift; path = SpringButton.swift; sourceTree = "<group>"; };
		56026A5121EA149800D74309 /* SpringTextView.swift */ = {isa = PBXFileReference; fileEncoding = 4; lastKnownFileType = sourcecode.swift; path = SpringTextView.swift; sourceTree = "<group>"; };
		56026A5221EA149800D74309 /* Misc.swift */ = {isa = PBXFileReference; fileEncoding = 4; lastKnownFileType = sourcecode.swift; path = Misc.swift; sourceTree = "<group>"; };
		56026A5321EA149800D74309 /* SpringView.swift */ = {isa = PBXFileReference; fileEncoding = 4; lastKnownFileType = sourcecode.swift; path = SpringView.swift; sourceTree = "<group>"; };
		56026A5421EA149800D74309 /* DesignableButton.swift */ = {isa = PBXFileReference; fileEncoding = 4; lastKnownFileType = sourcecode.swift; path = DesignableButton.swift; sourceTree = "<group>"; };
		56026A5521EA149800D74309 /* SpringTextField.swift */ = {isa = PBXFileReference; fileEncoding = 4; lastKnownFileType = sourcecode.swift; path = SpringTextField.swift; sourceTree = "<group>"; };
		56026A5621EA149800D74309 /* DesignableView.swift */ = {isa = PBXFileReference; fileEncoding = 4; lastKnownFileType = sourcecode.swift; path = DesignableView.swift; sourceTree = "<group>"; };
		56026A5721EA149800D74309 /* DesignableTabBarController.swift */ = {isa = PBXFileReference; fileEncoding = 4; lastKnownFileType = sourcecode.swift; path = DesignableTabBarController.swift; sourceTree = "<group>"; };
		56026A5821EA149800D74309 /* AsyncButton.swift */ = {isa = PBXFileReference; fileEncoding = 4; lastKnownFileType = sourcecode.swift; path = AsyncButton.swift; sourceTree = "<group>"; };
		56026A5921EA149800D74309 /* LoadingView.xib */ = {isa = PBXFileReference; fileEncoding = 4; lastKnownFileType = file.xib; path = LoadingView.xib; sourceTree = "<group>"; };
		56026A5A21EA149800D74309 /* SpringLabel.swift */ = {isa = PBXFileReference; fileEncoding = 4; lastKnownFileType = sourcecode.swift; path = SpringLabel.swift; sourceTree = "<group>"; };
		56026A5B21EA149800D74309 /* Spring.h */ = {isa = PBXFileReference; fileEncoding = 4; lastKnownFileType = sourcecode.c.h; path = Spring.h; sourceTree = "<group>"; };
		56026A5C21EA149800D74309 /* DesignableTextView.swift */ = {isa = PBXFileReference; fileEncoding = 4; lastKnownFileType = sourcecode.swift; path = DesignableTextView.swift; sourceTree = "<group>"; };
		56026A5D21EA149800D74309 /* AutoTextView.swift */ = {isa = PBXFileReference; fileEncoding = 4; lastKnownFileType = sourcecode.swift; path = AutoTextView.swift; sourceTree = "<group>"; };
		56026A5E21EA149800D74309 /* SpringAnimation.swift */ = {isa = PBXFileReference; fileEncoding = 4; lastKnownFileType = sourcecode.swift; path = SpringAnimation.swift; sourceTree = "<group>"; };
		56026A5F21EA149800D74309 /* UnwindSegue.swift */ = {isa = PBXFileReference; fileEncoding = 4; lastKnownFileType = sourcecode.swift; path = UnwindSegue.swift; sourceTree = "<group>"; };
		56026A6021EA149800D74309 /* LoadingView.swift */ = {isa = PBXFileReference; fileEncoding = 4; lastKnownFileType = sourcecode.swift; path = LoadingView.swift; sourceTree = "<group>"; };
		56026A6221EA149800D74309 /* AsyncImageView.swift */ = {isa = PBXFileReference; fileEncoding = 4; lastKnownFileType = sourcecode.swift; path = AsyncImageView.swift; sourceTree = "<group>"; };
		5607D6B621D99DD100AF5BE7 /* NWPlayer.app */ = {isa = PBXFileReference; explicitFileType = wrapper.application; includeInIndex = 0; path = NWPlayer.app; sourceTree = BUILT_PRODUCTS_DIR; };
		5607D6B921D99DD100AF5BE7 /* AppDelegate.swift */ = {isa = PBXFileReference; lastKnownFileType = sourcecode.swift; path = AppDelegate.swift; sourceTree = "<group>"; };
		5607D6BB21D99DD100AF5BE7 /* NowPlayingController.swift */ = {isa = PBXFileReference; lastKnownFileType = sourcecode.swift; path = NowPlayingController.swift; sourceTree = "<group>"; };
		5607D6BE21D99DD100AF5BE7 /* Base */ = {isa = PBXFileReference; lastKnownFileType = file.storyboard; name = Base; path = Base.lproj/Main.storyboard; sourceTree = "<group>"; };
		5607D6C021D99DD400AF5BE7 /* Assets.xcassets */ = {isa = PBXFileReference; lastKnownFileType = folder.assetcatalog; path = Assets.xcassets; sourceTree = "<group>"; };
		5607D6C321D99DD400AF5BE7 /* Base */ = {isa = PBXFileReference; lastKnownFileType = file.storyboard; name = Base; path = Base.lproj/LaunchScreen.storyboard; sourceTree = "<group>"; };
		5607D6C521D99DD400AF5BE7 /* Info.plist */ = {isa = PBXFileReference; lastKnownFileType = text.plist.xml; path = Info.plist; sourceTree = "<group>"; };
		5607D6CE21DA179800AF5BE7 /* Track.swift */ = {isa = PBXFileReference; lastKnownFileType = sourcecode.swift; path = Track.swift; sourceTree = "<group>"; };
		5607D6D021DA17D400AF5BE7 /* FRadioPlayer.swift */ = {isa = PBXFileReference; lastKnownFileType = sourcecode.swift; path = FRadioPlayer.swift; sourceTree = "<group>"; };
		5607D6D221DA180500AF5BE7 /* Reachability.swift */ = {isa = PBXFileReference; lastKnownFileType = sourcecode.swift; path = Reachability.swift; sourceTree = "<group>"; };
		5607D6D421DA185E00AF5BE7 /* FRadioAPI.swift */ = {isa = PBXFileReference; lastKnownFileType = sourcecode.swift; path = FRadioAPI.swift; sourceTree = "<group>"; };
		5607D6D621DA28E200AF5BE7 /* SwiftyJSON.swift */ = {isa = PBXFileReference; lastKnownFileType = sourcecode.swift; path = SwiftyJSON.swift; sourceTree = "<group>"; };
		562E243321DC3BA500F2145A /* bg4.gif */ = {isa = PBXFileReference; lastKnownFileType = image.gif; path = bg4.gif; sourceTree = "<group>"; };
		562E243521DC45FF00F2145A /* LastFM.swift */ = {isa = PBXFileReference; lastKnownFileType = sourcecode.swift; path = LastFM.swift; sourceTree = "<group>"; };
		56E712DE21DC22090088E896 /* Station.swift */ = {isa = PBXFileReference; lastKnownFileType = sourcecode.swift; path = Station.swift; sourceTree = "<group>"; };
		56E712E221DC287E0088E896 /* UI Extensions.swift */ = {isa = PBXFileReference; lastKnownFileType = sourcecode.swift; path = "UI Extensions.swift"; sourceTree = "<group>"; };
		56E712E421DC35970088E896 /* Swift+Gif.swift */ = {isa = PBXFileReference; lastKnownFileType = sourcecode.swift; path = "Swift+Gif.swift"; sourceTree = "<group>"; };
/* End PBXFileReference section */

/* Begin PBXFrameworksBuildPhase section */
		5607D6B321D99DD100AF5BE7 /* Frameworks */ = {
			isa = PBXFrameworksBuildPhase;
			buildActionMask = 2147483647;
			files = (
			);
			runOnlyForDeploymentPostprocessing = 0;
		};
/* End PBXFrameworksBuildPhase section */

/* Begin PBXGroup section */
		56026A4421EA149800D74309 /* Spring */ = {
			isa = PBXGroup;
			children = (
				56026A4521EA149800D74309 /* DesignableImageView.swift */,
				56026A4621EA149800D74309 /* KeyboardLayoutConstraint.swift */,
				56026A4721EA149800D74309 /* TransitionManager.swift */,
				56026A4821EA149800D74309 /* TransitionZoom.swift */,
				56026A4921EA149800D74309 /* ImageLoader.swift */,
				56026A4A21EA149800D74309 /* Spring.swift */,
				56026A4B21EA149800D74309 /* SpringImageView.swift */,
				56026A4C21EA149800D74309 /* DesignableLabel.swift */,
				56026A4D21EA149800D74309 /* SoundPlayer.swift */,
				56026A4E21EA149800D74309 /* BlurView.swift */,
				56026A4F21EA149800D74309 /* DesignableTextField.swift */,
				56026A5021EA149800D74309 /* SpringButton.swift */,
				56026A5121EA149800D74309 /* SpringTextView.swift */,
				56026A5221EA149800D74309 /* Misc.swift */,
				56026A5321EA149800D74309 /* SpringView.swift */,
				56026A5421EA149800D74309 /* DesignableButton.swift */,
				56026A5521EA149800D74309 /* SpringTextField.swift */,
				56026A5621EA149800D74309 /* DesignableView.swift */,
				56026A5721EA149800D74309 /* DesignableTabBarController.swift */,
				56026A5821EA149800D74309 /* AsyncButton.swift */,
				56026A5921EA149800D74309 /* LoadingView.xib */,
				56026A5A21EA149800D74309 /* SpringLabel.swift */,
				56026A5B21EA149800D74309 /* Spring.h */,
				56026A5C21EA149800D74309 /* DesignableTextView.swift */,
				56026A5D21EA149800D74309 /* AutoTextView.swift */,
				56026A5E21EA149800D74309 /* SpringAnimation.swift */,
				56026A5F21EA149800D74309 /* UnwindSegue.swift */,
				56026A6021EA149800D74309 /* LoadingView.swift */,
				56026A6221EA149800D74309 /* AsyncImageView.swift */,
			);
			path = Spring;
			sourceTree = "<group>";
		};
		5607D6AD21D99DD100AF5BE7 = {
			isa = PBXGroup;
			children = (
				5607D6B821D99DD100AF5BE7 /* NWPlayer */,
				5607D6B721D99DD100AF5BE7 /* Products */,
			);
			sourceTree = "<group>";
		};
		5607D6B721D99DD100AF5BE7 /* Products */ = {
			isa = PBXGroup;
			children = (
				5607D6B621D99DD100AF5BE7 /* NWPlayer.app */,
			);
			name = Products;
			sourceTree = "<group>";
		};
		5607D6B821D99DD100AF5BE7 /* NWPlayer */ = {
			isa = PBXGroup;
			children = (
				5607D6CB21DA089A00AF5BE7 /* Supporting Files */,
				5607D6B921D99DD100AF5BE7 /* AppDelegate.swift */,
				5607D6BB21D99DD100AF5BE7 /* NowPlayingController.swift */,
				5607D6BD21D99DD100AF5BE7 /* Main.storyboard */,
				5607D6C021D99DD400AF5BE7 /* Assets.xcassets */,
				5607D6C221D99DD400AF5BE7 /* LaunchScreen.storyboard */,
				5607D6C521D99DD400AF5BE7 /* Info.plist */,
			);
			path = NWPlayer;
			sourceTree = "<group>";
		};
		5607D6CB21DA089A00AF5BE7 /* Supporting Files */ = {
			isa = PBXGroup;
			children = (
				56E712E621DC35AE0088E896 /* GIFs */,
				56E712E021DC285C0088E896 /* UI */,
				5607D6D621DA28E200AF5BE7 /* SwiftyJSON.swift */,
				5607D6CE21DA179800AF5BE7 /* Track.swift */,
				562E243521DC45FF00F2145A /* LastFM.swift */,
				5607D6D021DA17D400AF5BE7 /* FRadioPlayer.swift */,
				5607D6D421DA185E00AF5BE7 /* FRadioAPI.swift */,
				5607D6D221DA180500AF5BE7 /* Reachability.swift */,
				56E712DE21DC22090088E896 /* Station.swift */,
			);
			path = "Supporting Files";
			sourceTree = "<group>";
		};
		56E712E021DC285C0088E896 /* UI */ = {
			isa = PBXGroup;
			children = (
				56026A4421EA149800D74309 /* Spring */,
				56E712E221DC287E0088E896 /* UI Extensions.swift */,
				56E712E421DC35970088E896 /* Swift+Gif.swift */,
			);
			path = UI;
			sourceTree = "<group>";
		};
		56E712E621DC35AE0088E896 /* GIFs */ = {
			isa = PBXGroup;
			children = (
				562E243321DC3BA500F2145A /* bg4.gif */,
			);
			path = GIFs;
			sourceTree = "<group>";
		};
/* End PBXGroup section */

/* Begin PBXNativeTarget section */
		5607D6B521D99DD100AF5BE7 /* NWPlayer */ = {
			isa = PBXNativeTarget;
			buildConfigurationList = 5607D6C821D99DD400AF5BE7 /* Build configuration list for PBXNativeTarget "NWPlayer" */;
			buildPhases = (
				5607D6B221D99DD100AF5BE7 /* Sources */,
				5607D6B321D99DD100AF5BE7 /* Frameworks */,
				5607D6B421D99DD100AF5BE7 /* Resources */,
			);
			buildRules = (
			);
			dependencies = (
			);
			name = NWPlayer;
			productName = NWPlayer;
			productReference = 5607D6B621D99DD100AF5BE7 /* NWPlayer.app */;
			productType = "com.apple.product-type.application";
		};
/* End PBXNativeTarget section */

/* Begin PBXProject section */
		5607D6AE21D99DD100AF5BE7 /* Project object */ = {
			isa = PBXProject;
			attributes = {
				LastSwiftUpdateCheck = 1010;
				LastUpgradeCheck = 1010;
				ORGANIZATIONNAME = "Jon Alaniz";
				TargetAttributes = {
					5607D6B521D99DD100AF5BE7 = {
						CreatedOnToolsVersion = 10.1;
					};
				};
			};
			buildConfigurationList = 5607D6B121D99DD100AF5BE7 /* Build configuration list for PBXProject "NWPlayer" */;
			compatibilityVersion = "Xcode 9.3";
			developmentRegion = en;
			hasScannedForEncodings = 0;
			knownRegions = (
				en,
				Base,
			);
			mainGroup = 5607D6AD21D99DD100AF5BE7;
			productRefGroup = 5607D6B721D99DD100AF5BE7 /* Products */;
			projectDirPath = "";
			projectRoot = "";
			targets = (
				5607D6B521D99DD100AF5BE7 /* NWPlayer */,
			);
		};
/* End PBXProject section */

/* Begin PBXResourcesBuildPhase section */
		5607D6B421D99DD100AF5BE7 /* Resources */ = {
			isa = PBXResourcesBuildPhase;
			buildActionMask = 2147483647;
			files = (
				562E243421DC3BA500F2145A /* bg4.gif in Resources */,
				5607D6C421D99DD400AF5BE7 /* LaunchScreen.storyboard in Resources */,
				5607D6C121D99DD400AF5BE7 /* Assets.xcassets in Resources */,
				5607D6BF21D99DD100AF5BE7 /* Main.storyboard in Resources */,
				56026A7721EA149800D74309 /* LoadingView.xib in Resources */,
			);
			runOnlyForDeploymentPostprocessing = 0;
		};
/* End PBXResourcesBuildPhase section */

/* Begin PBXSourcesBuildPhase section */
		5607D6B221D99DD100AF5BE7 /* Sources */ = {
			isa = PBXSourcesBuildPhase;
			buildActionMask = 2147483647;
			files = (
				56026A6421EA149800D74309 /* KeyboardLayoutConstraint.swift in Sources */,
				56E712E321DC287E0088E896 /* UI Extensions.swift in Sources */,
				56026A6521EA149800D74309 /* TransitionManager.swift in Sources */,
				5607D6D521DA185E00AF5BE7 /* FRadioAPI.swift in Sources */,
				56026A7421EA149800D74309 /* DesignableView.swift in Sources */,
				56026A7D21EA149800D74309 /* LoadingView.swift in Sources */,
				562E243621DC45FF00F2145A /* LastFM.swift in Sources */,
				56026A6921EA149800D74309 /* SpringImageView.swift in Sources */,
				5607D6BC21D99DD100AF5BE7 /* NowPlayingController.swift in Sources */,
				56026A7A21EA149800D74309 /* AutoTextView.swift in Sources */,
				56026A6721EA149800D74309 /* ImageLoader.swift in Sources */,
				56026A7221EA149800D74309 /* DesignableButton.swift in Sources */,
				56026A7021EA149800D74309 /* Misc.swift in Sources */,
				56026A6C21EA149800D74309 /* BlurView.swift in Sources */,
				56026A6621EA149800D74309 /* TransitionZoom.swift in Sources */,
				56026A7F21EA149800D74309 /* AsyncImageView.swift in Sources */,
				56026A6321EA149800D74309 /* DesignableImageView.swift in Sources */,
				56026A6B21EA149800D74309 /* SoundPlayer.swift in Sources */,
				56026A7921EA149800D74309 /* DesignableTextView.swift in Sources */,
				56E712DF21DC22090088E896 /* Station.swift in Sources */,
				56026A7C21EA149800D74309 /* UnwindSegue.swift in Sources */,
				56026A7521EA149800D74309 /* DesignableTabBarController.swift in Sources */,
				56026A6A21EA149800D74309 /* DesignableLabel.swift in Sources */,
				56E712E521DC35970088E896 /* Swift+Gif.swift in Sources */,
				56026A6D21EA149800D74309 /* DesignableTextField.swift in Sources */,
				56026A7621EA149800D74309 /* AsyncButton.swift in Sources */,
				5607D6D721DA28E200AF5BE7 /* SwiftyJSON.swift in Sources */,
				56026A6E21EA149800D74309 /* SpringButton.swift in Sources */,
				56026A7321EA149800D74309 /* SpringTextField.swift in Sources */,
				56026A6F21EA149800D74309 /* SpringTextView.swift in Sources */,
				56026A6821EA149800D74309 /* Spring.swift in Sources */,
				5607D6D321DA180500AF5BE7 /* Reachability.swift in Sources */,
				5607D6D121DA17D400AF5BE7 /* FRadioPlayer.swift in Sources */,
				5607D6BA21D99DD100AF5BE7 /* AppDelegate.swift in Sources */,
				5607D6CF21DA179800AF5BE7 /* Track.swift in Sources */,
				56026A7B21EA149800D74309 /* SpringAnimation.swift in Sources */,
				56026A7121EA149800D74309 /* SpringView.swift in Sources */,
				56026A7821EA149800D74309 /* SpringLabel.swift in Sources */,
			);
			runOnlyForDeploymentPostprocessing = 0;
		};
/* End PBXSourcesBuildPhase section */

/* Begin PBXVariantGroup section */
		5607D6BD21D99DD100AF5BE7 /* Main.storyboard */ = {
			isa = PBXVariantGroup;
			children = (
				5607D6BE21D99DD100AF5BE7 /* Base */,
			);
			name = Main.storyboard;
			sourceTree = "<group>";
		};
		5607D6C221D99DD400AF5BE7 /* LaunchScreen.storyboard */ = {
			isa = PBXVariantGroup;
			children = (
				5607D6C321D99DD400AF5BE7 /* Base */,
			);
			name = LaunchScreen.storyboard;
			sourceTree = "<group>";
		};
/* End PBXVariantGroup section */

/* Begin XCBuildConfiguration section */
		5607D6C621D99DD400AF5BE7 /* Debug */ = {
			isa = XCBuildConfiguration;
			buildSettings = {
				ALWAYS_SEARCH_USER_PATHS = NO;
				CLANG_ANALYZER_NONNULL = YES;
				CLANG_ANALYZER_NUMBER_OBJECT_CONVERSION = YES_AGGRESSIVE;
				CLANG_CXX_LANGUAGE_STANDARD = "gnu++14";
				CLANG_CXX_LIBRARY = "libc++";
				CLANG_ENABLE_MODULES = YES;
				CLANG_ENABLE_OBJC_ARC = YES;
				CLANG_ENABLE_OBJC_WEAK = YES;
				CLANG_WARN_BLOCK_CAPTURE_AUTORELEASING = YES;
				CLANG_WARN_BOOL_CONVERSION = YES;
				CLANG_WARN_COMMA = YES;
				CLANG_WARN_CONSTANT_CONVERSION = YES;
				CLANG_WARN_DEPRECATED_OBJC_IMPLEMENTATIONS = YES;
				CLANG_WARN_DIRECT_OBJC_ISA_USAGE = YES_ERROR;
				CLANG_WARN_DOCUMENTATION_COMMENTS = YES;
				CLANG_WARN_EMPTY_BODY = YES;
				CLANG_WARN_ENUM_CONVERSION = YES;
				CLANG_WARN_INFINITE_RECURSION = YES;
				CLANG_WARN_INT_CONVERSION = YES;
				CLANG_WARN_NON_LITERAL_NULL_CONVERSION = YES;
				CLANG_WARN_OBJC_IMPLICIT_RETAIN_SELF = YES;
				CLANG_WARN_OBJC_LITERAL_CONVERSION = YES;
				CLANG_WARN_OBJC_ROOT_CLASS = YES_ERROR;
				CLANG_WARN_RANGE_LOOP_ANALYSIS = YES;
				CLANG_WARN_STRICT_PROTOTYPES = YES;
				CLANG_WARN_SUSPICIOUS_MOVE = YES;
				CLANG_WARN_UNGUARDED_AVAILABILITY = YES_AGGRESSIVE;
				CLANG_WARN_UNREACHABLE_CODE = YES;
				CLANG_WARN__DUPLICATE_METHOD_MATCH = YES;
				CODE_SIGN_IDENTITY = "iPhone Developer";
				COPY_PHASE_STRIP = NO;
				DEBUG_INFORMATION_FORMAT = dwarf;
				ENABLE_STRICT_OBJC_MSGSEND = YES;
				ENABLE_TESTABILITY = YES;
				GCC_C_LANGUAGE_STANDARD = gnu11;
				GCC_DYNAMIC_NO_PIC = NO;
				GCC_NO_COMMON_BLOCKS = YES;
				GCC_OPTIMIZATION_LEVEL = 0;
				GCC_PREPROCESSOR_DEFINITIONS = (
					"DEBUG=1",
					"$(inherited)",
				);
				GCC_WARN_64_TO_32_BIT_CONVERSION = YES;
				GCC_WARN_ABOUT_RETURN_TYPE = YES_ERROR;
				GCC_WARN_UNDECLARED_SELECTOR = YES;
				GCC_WARN_UNINITIALIZED_AUTOS = YES_AGGRESSIVE;
				GCC_WARN_UNUSED_FUNCTION = YES;
				GCC_WARN_UNUSED_VARIABLE = YES;
				IPHONEOS_DEPLOYMENT_TARGET = 12.1;
				MTL_ENABLE_DEBUG_INFO = INCLUDE_SOURCE;
				MTL_FAST_MATH = YES;
				ONLY_ACTIVE_ARCH = YES;
				SDKROOT = iphoneos;
				SWIFT_ACTIVE_COMPILATION_CONDITIONS = DEBUG;
				SWIFT_OPTIMIZATION_LEVEL = "-Onone";
			};
			name = Debug;
		};
		5607D6C721D99DD400AF5BE7 /* Release */ = {
			isa = XCBuildConfiguration;
			buildSettings = {
				ALWAYS_SEARCH_USER_PATHS = NO;
				CLANG_ANALYZER_NONNULL = YES;
				CLANG_ANALYZER_NUMBER_OBJECT_CONVERSION = YES_AGGRESSIVE;
				CLANG_CXX_LANGUAGE_STANDARD = "gnu++14";
				CLANG_CXX_LIBRARY = "libc++";
				CLANG_ENABLE_MODULES = YES;
				CLANG_ENABLE_OBJC_ARC = YES;
				CLANG_ENABLE_OBJC_WEAK = YES;
				CLANG_WARN_BLOCK_CAPTURE_AUTORELEASING = YES;
				CLANG_WARN_BOOL_CONVERSION = YES;
				CLANG_WARN_COMMA = YES;
				CLANG_WARN_CONSTANT_CONVERSION = YES;
				CLANG_WARN_DEPRECATED_OBJC_IMPLEMENTATIONS = YES;
				CLANG_WARN_DIRECT_OBJC_ISA_USAGE = YES_ERROR;
				CLANG_WARN_DOCUMENTATION_COMMENTS = YES;
				CLANG_WARN_EMPTY_BODY = YES;
				CLANG_WARN_ENUM_CONVERSION = YES;
				CLANG_WARN_INFINITE_RECURSION = YES;
				CLANG_WARN_INT_CONVERSION = YES;
				CLANG_WARN_NON_LITERAL_NULL_CONVERSION = YES;
				CLANG_WARN_OBJC_IMPLICIT_RETAIN_SELF = YES;
				CLANG_WARN_OBJC_LITERAL_CONVERSION = YES;
				CLANG_WARN_OBJC_ROOT_CLASS = YES_ERROR;
				CLANG_WARN_RANGE_LOOP_ANALYSIS = YES;
				CLANG_WARN_STRICT_PROTOTYPES = YES;
				CLANG_WARN_SUSPICIOUS_MOVE = YES;
				CLANG_WARN_UNGUARDED_AVAILABILITY = YES_AGGRESSIVE;
				CLANG_WARN_UNREACHABLE_CODE = YES;
				CLANG_WARN__DUPLICATE_METHOD_MATCH = YES;
				CODE_SIGN_IDENTITY = "iPhone Developer";
				COPY_PHASE_STRIP = NO;
				DEBUG_INFORMATION_FORMAT = "dwarf-with-dsym";
				ENABLE_NS_ASSERTIONS = NO;
				ENABLE_STRICT_OBJC_MSGSEND = YES;
				GCC_C_LANGUAGE_STANDARD = gnu11;
				GCC_NO_COMMON_BLOCKS = YES;
				GCC_WARN_64_TO_32_BIT_CONVERSION = YES;
				GCC_WARN_ABOUT_RETURN_TYPE = YES_ERROR;
				GCC_WARN_UNDECLARED_SELECTOR = YES;
				GCC_WARN_UNINITIALIZED_AUTOS = YES_AGGRESSIVE;
				GCC_WARN_UNUSED_FUNCTION = YES;
				GCC_WARN_UNUSED_VARIABLE = YES;
				IPHONEOS_DEPLOYMENT_TARGET = 12.1;
				MTL_ENABLE_DEBUG_INFO = NO;
				MTL_FAST_MATH = YES;
				SDKROOT = iphoneos;
				SWIFT_COMPILATION_MODE = wholemodule;
				SWIFT_OPTIMIZATION_LEVEL = "-O";
				VALIDATE_PRODUCT = YES;
			};
			name = Release;
		};
		5607D6C921D99DD400AF5BE7 /* Debug */ = {
			isa = XCBuildConfiguration;
			buildSettings = {
				ASSETCATALOG_COMPILER_APPICON_NAME = AppIcon;
				CODE_SIGN_STYLE = Automatic;
				DEVELOPMENT_TEAM = 2445G329LF;
				INFOPLIST_FILE = NWPlayer/Info.plist;
				LD_RUNPATH_SEARCH_PATHS = (
					"$(inherited)",
					"@executable_path/Frameworks",
				);
				PRODUCT_BUNDLE_IDENTIFIER = com.jonalaniz.NWPlayer;
				PRODUCT_NAME = "$(TARGET_NAME)";
				SWIFT_VERSION = 4.2;
				TARGETED_DEVICE_FAMILY = 1;
			};
			name = Debug;
		};
		5607D6CA21D99DD400AF5BE7 /* Release */ = {
			isa = XCBuildConfiguration;
			buildSettings = {
				ASSETCATALOG_COMPILER_APPICON_NAME = AppIcon;
				CODE_SIGN_STYLE = Automatic;
				DEVELOPMENT_TEAM = 2445G329LF;
				INFOPLIST_FILE = NWPlayer/Info.plist;
				LD_RUNPATH_SEARCH_PATHS = (
					"$(inherited)",
					"@executable_path/Frameworks",
				);
				PRODUCT_BUNDLE_IDENTIFIER = com.jonalaniz.NWPlayer;
				PRODUCT_NAME = "$(TARGET_NAME)";
				SWIFT_VERSION = 4.2;
				TARGETED_DEVICE_FAMILY = 1;
			};
			name = Release;
		};
/* End XCBuildConfiguration section */

/* Begin XCConfigurationList section */
		5607D6B121D99DD100AF5BE7 /* Build configuration list for PBXProject "NWPlayer" */ = {
			isa = XCConfigurationList;
			buildConfigurations = (
				5607D6C621D99DD400AF5BE7 /* Debug */,
				5607D6C721D99DD400AF5BE7 /* Release */,
			);
			defaultConfigurationIsVisible = 0;
			defaultConfigurationName = Release;
		};
		5607D6C821D99DD400AF5BE7 /* Build configuration list for PBXNativeTarget "NWPlayer" */ = {
			isa = XCConfigurationList;
			buildConfigurations = (
				5607D6C921D99DD400AF5BE7 /* Debug */,
				5607D6CA21D99DD400AF5BE7 /* Release */,
			);
			defaultConfigurationIsVisible = 0;
			defaultConfigurationName = Release;
		};
/* End XCConfigurationList section */
	};
	rootObject = 5607D6AE21D99DD100AF5BE7 /* Project object */;
}
